
Microsoft Visual Studio Solution File, Format Version 12.00
# Visual Studio Version 17
VisualStudioVersion = 17.9.34616.47
MinimumVisualStudioVersion = 10.0.40219.1
Project("{FAE04EC0-301F-11D3-BF4B-00C04F79EFBC}") = "FribergHomes.API", "FribergHomes.API\FribergHomes.API.csproj", "{C1F968C2-1C25-43C7-969F-8CC9EF65C879}"
EndProject
Global
	GlobalSection(SolutionConfigurationPlatforms) = preSolution
		Debug|Any CPU = Debug|Any CPU
		Release|Any CPU = Release|Any CPU
	EndGlobalSection
	GlobalSection(ProjectConfigurationPlatforms) = postSolution
		{C1F968C2-1C25-43C7-969F-8CC9EF65C879}.Debug|Any CPU.ActiveCfg = Debug|Any CPU
		{C1F968C2-1C25-43C7-969F-8CC9EF65C879}.Debug|Any CPU.Build.0 = Debug|Any CPU
		{C1F968C2-1C25-43C7-969F-8CC9EF65C879}.Release|Any CPU.ActiveCfg = Release|Any CPU
		{C1F968C2-1C25-43C7-969F-8CC9EF65C879}.Release|Any CPU.Build.0 = Release|Any CPU
	EndGlobalSection
	GlobalSection(SolutionProperties) = preSolution
		HideSolutionNode = FALSE
	EndGlobalSection
	GlobalSection(ExtensibilityGlobals) = postSolution
		SolutionGuid = {00F4D55F-B61B-4458-BBFE-B625FC3DB4B5}
	EndGlobalSection
EndGlobal
